{
  "version": 4,
  "terraform_version": "1.7.5",
  "serial": 13,
  "lineage": "fe4f5292-8ff5-931b-17a8-e2bf7d138123",
  "outputs": {},
  "resources": [
    {
      "mode": "managed",
      "type": "snowflake_database",
      "name": "airline_dw",
      "provider": "provider[\"registry.terraform.io/snowflake-labs/snowflake\"]",
      "instances": [
        {
          "schema_version": 0,
          "attributes": {
            "comment": "",
            "data_retention_time_in_days": 1,
            "from_database": null,
            "from_replica": null,
            "from_share": null,
            "id": "AIRLINE_DW",
            "is_transient": false,
            "name": "AIRLINE_DW",
            "replication_configuration": []
          },
          "sensitive_attributes": [],
          "private": "eyJzY2hlbWFfdmVyc2lvbiI6IjAifQ=="
        }
      ]
    },
    {
      "mode": "managed",
      "type": "snowflake_file_format",
      "name": "parquet_format",
      "provider": "provider[\"registry.terraform.io/snowflake-labs/snowflake\"]",
      "instances": [
        {
          "schema_version": 0,
          "attributes": {
            "allow_duplicate": null,
            "binary_as_text": true,
            "binary_format": null,
            "comment": "",
            "compression": "SNAPPY",
            "database": "AIRLINE_DW",
            "date_format": null,
            "disable_auto_convert": null,
            "disable_snowflake_data": null,
            "empty_field_as_null": null,
            "enable_octal": null,
            "encoding": null,
            "error_on_column_count_mismatch": null,
            "escape": null,
            "escape_unenclosed_field": null,
            "field_delimiter": null,
            "field_optionally_enclosed_by": null,
            "file_extension": null,
            "format_type": "PARQUET",
            "id": "AIRLINE_DW|TELEMETRY|PARQUET_FORMAT",
            "ignore_utf8_errors": null,
            "name": "PARQUET_FORMAT",
            "null_if": [],
            "parse_header": null,
            "preserve_space": null,
            "record_delimiter": null,
            "replace_invalid_characters": null,
            "schema": "TELEMETRY",
            "skip_blank_lines": null,
            "skip_byte_order_mark": null,
            "skip_header": null,
            "strip_null_values": null,
            "strip_outer_array": null,
            "strip_outer_element": null,
            "time_format": null,
            "timestamp_format": null,
            "trim_space": false
          },
          "sensitive_attributes": [],
          "private": "eyJzY2hlbWFfdmVyc2lvbiI6IjAifQ==",
          "dependencies": [
            "snowflake_database.airline_dw",
            "snowflake_schema.telemetry"
          ]
        }
      ]
    },
    {
      "mode": "managed",
      "type": "snowflake_schema",
      "name": "telemetry",
      "provider": "provider[\"registry.terraform.io/snowflake-labs/snowflake\"]",
      "instances": [
        {
          "schema_version": 0,
          "attributes": {
            "comment": "",
            "data_retention_days": 1,
            "database": "AIRLINE_DW",
            "id": "AIRLINE_DW|TELEMETRY",
            "is_managed": false,
            "is_transient": false,
            "name": "TELEMETRY",
            "tag": []
          },
          "sensitive_attributes": [],
          "private": "eyJzY2hlbWFfdmVyc2lvbiI6IjAifQ==",
          "dependencies": [
            "snowflake_database.airline_dw"
          ]
        }
      ]
    },
    {
      "mode": "managed",
      "type": "snowflake_storage_integration",
      "name": "s3_airline_integration",
      "provider": "provider[\"registry.terraform.io/snowflake-labs/snowflake\"]",
      "instances": [
        {
          "schema_version": 0,
          "attributes": {
            "azure_consent_url": null,
            "azure_multi_tenant_app_name": null,
            "azure_tenant_id": null,
            "comment": "",
            "created_on": "2026-05-19 12:32:59.546 +0530 IST",
            "enabled": true,
            "id": "S3_AIRLINE_INTEGRATION",
            "name": "S3_AIRLINE_INTEGRATION",
            "storage_allowed_locations": [
              "s3://airline-telemetry-bronze-941243735155-us-east-1-an/valid_data/"
            ],
            "storage_aws_external_id": "NV05450_SFCRole=5_bJCDtlWVjjULALSZWrdFOhgyUPE=",
            "storage_aws_iam_user_arn": "arn:aws:iam::442421142996:user/99hq1000-s",
            "storage_aws_object_acl": null,
            "storage_aws_role_arn": "arn:aws:iam::941243735155:role/snowflake-s3-access-role",
            "storage_blocked_locations": null,
            "storage_gcp_service_account": null,
            "storage_provider": "S3",
            "type": "EXTERNAL_STAGE"
          },
          "sensitive_attributes": [],
          "private": "eyJzY2hlbWFfdmVyc2lvbiI6IjAifQ=="
        }
      ]
    }
  ],
  "check_results": null
}
