{
  "version": 4,
  "terraform_version": "1.7.5",
  "serial": 32,
  "lineage": "fe4f5292-8ff5-931b-17a8-e2bf7d138123",
  "outputs": {
    "svc_github_actions_password": {
      "value": "Mu^fEuQ#s!*wlXVvdClpbTLR",
      "type": "string",
      "sensitive": true
    }
  },
  "resources": [
    {
      "mode": "managed",
      "type": "random_password",
      "name": "svc_password",
      "provider": "provider[\"registry.terraform.io/hashicorp/random\"]",
      "instances": [
        {
          "schema_version": 3,
          "attributes": {
            "bcrypt_hash": "$2a$10$0C41b2MaFAOWQRLnL.bMguGZ.aE01DkRmp9Y3wXDpIJsjCc/UuLv2",
            "id": "none",
            "keepers": null,
            "length": 24,
            "lower": true,
            "min_lower": 0,
            "min_numeric": 0,
            "min_special": 0,
            "min_upper": 0,
            "number": true,
            "numeric": true,
            "override_special": "!@#$%^\u0026*",
            "result": "Mu^fEuQ#s!*wlXVvdClpbTLR",
            "special": true,
            "upper": true
          },
          "sensitive_attributes": []
        }
      ]
    },
    {
      "mode": "managed",
      "type": "snowflake_database",
      "name": "airline_dw",
      "provider": "provider[\"registry.terraform.io/snowflake-labs/snowflake\"]",
      "instances": [
        {
          "schema_version": 0,
          "attributes": {
            "comment": "",
            "data_retention_time_in_days": 1,
            "from_database": null,
            "from_replica": null,
            "from_share": null,
            "id": "AIRLINE_DW",
            "is_transient": false,
            "name": "AIRLINE_DW",
            "replication_configuration": []
          },
          "sensitive_attributes": [],
          "private": "eyJzY2hlbWFfdmVyc2lvbiI6IjAifQ=="
        }
      ]
    },
    {
      "mode": "managed",
      "type": "snowflake_file_format",
      "name": "parquet_format",
      "provider": "provider[\"registry.terraform.io/snowflake-labs/snowflake\"]",
      "instances": [
        {
          "schema_version": 0,
          "attributes": {
            "allow_duplicate": null,
            "binary_as_text": true,
            "binary_format": null,
            "comment": "",
            "compression": "SNAPPY",
            "database": "AIRLINE_DW",
            "date_format": null,
            "disable_auto_convert": null,
            "disable_snowflake_data": null,
            "empty_field_as_null": null,
            "enable_octal": null,
            "encoding": null,
            "error_on_column_count_mismatch": null,
            "escape": null,
            "escape_unenclosed_field": null,
            "field_delimiter": null,
            "field_optionally_enclosed_by": null,
            "file_extension": null,
            "format_type": "PARQUET",
            "id": "AIRLINE_DW|TELEMETRY|PARQUET_FORMAT",
            "ignore_utf8_errors": null,
            "name": "PARQUET_FORMAT",
            "null_if": [],
            "parse_header": null,
            "preserve_space": null,
            "record_delimiter": null,
            "replace_invalid_characters": null,
            "schema": "TELEMETRY",
            "skip_blank_lines": null,
            "skip_byte_order_mark": null,
            "skip_header": null,
            "strip_null_values": null,
            "strip_outer_array": null,
            "strip_outer_element": null,
            "time_format": null,
            "timestamp_format": null,
            "trim_space": false
          },
          "sensitive_attributes": [],
          "private": "eyJzY2hlbWFfdmVyc2lvbiI6IjAifQ==",
          "dependencies": [
            "snowflake_database.airline_dw",
            "snowflake_schema.telemetry"
          ]
        }
      ]
    },
    {
      "mode": "managed",
      "type": "snowflake_grant_account_role",
      "name": "dbt_role_to_svc_user",
      "provider": "provider[\"registry.terraform.io/snowflake-labs/snowflake\"]",
      "instances": [
        {
          "schema_version": 0,
          "attributes": {
            "id": "\"DBT_PROD_ROLE\"|USER|\"SVC_GITHUB_ACTIONS\"",
            "parent_role_name": null,
            "role_name": "DBT_PROD_ROLE",
            "user_name": "SVC_GITHUB_ACTIONS"
          },
          "sensitive_attributes": [
            [
              {
                "type": "get_attr",
                "value": "user_name"
              }
            ]
          ],
          "private": "bnVsbA==",
          "dependencies": [
            "random_password.svc_password",
            "snowflake_role.dbt_prod_role",
            "snowflake_user.svc_github_actions"
          ]
        }
      ]
    },
    {
      "mode": "managed",
      "type": "snowflake_grant_account_role",
      "name": "dbt_role_to_sysadmin",
      "provider": "provider[\"registry.terraform.io/snowflake-labs/snowflake\"]",
      "instances": [
        {
          "schema_version": 0,
          "attributes": {
            "id": "\"DBT_PROD_ROLE\"|ROLE|\"SYSADMIN\"",
            "parent_role_name": "SYSADMIN",
            "role_name": "DBT_PROD_ROLE",
            "user_name": null
          },
          "sensitive_attributes": [],
          "private": "bnVsbA==",
          "dependencies": [
            "snowflake_role.dbt_prod_role"
          ]
        }
      ]
    },
    {
      "mode": "managed",
      "type": "snowflake_grant_privileges_to_account_role",
      "name": "dbt_db_usage",
      "provider": "provider[\"registry.terraform.io/snowflake-labs/snowflake\"]",
      "instances": [
        {
          "schema_version": 0,
          "attributes": {
            "account_role_name": "DBT_PROD_ROLE",
            "all_privileges": false,
            "always_apply": false,
            "always_apply_trigger": null,
            "id": "\"DBT_PROD_ROLE\"|false|false|CREATE SCHEMA,USAGE|OnAccountObject|DATABASE|\"AIRLINE_DW\"",
            "on_account": false,
            "on_account_object": [
              {
                "object_name": "AIRLINE_DW",
                "object_type": "DATABASE"
              }
            ],
            "on_schema": [],
            "on_schema_object": [],
            "privileges": [
              "CREATE SCHEMA",
              "USAGE"
            ],
            "with_grant_option": false
          },
          "sensitive_attributes": [],
          "private": "bnVsbA==",
          "dependencies": [
            "snowflake_database.airline_dw",
            "snowflake_role.dbt_prod_role"
          ]
        }
      ]
    },
    {
      "mode": "managed",
      "type": "snowflake_grant_privileges_to_account_role",
      "name": "dbt_schema_usage",
      "provider": "provider[\"registry.terraform.io/snowflake-labs/snowflake\"]",
      "instances": [
        {
          "schema_version": 0,
          "attributes": {
            "account_role_name": "DBT_PROD_ROLE",
            "all_privileges": false,
            "always_apply": false,
            "always_apply_trigger": null,
            "id": "\"DBT_PROD_ROLE\"|false|false|CREATE TABLE,CREATE VIEW,USAGE|OnSchema|OnSchema|\"AIRLINE_DW\".\"TELEMETRY\"",
            "on_account": false,
            "on_account_object": [],
            "on_schema": [
              {
                "all_schemas_in_database": "",
                "future_schemas_in_database": "",
                "schema_name": "\"AIRLINE_DW\".\"TELEMETRY\""
              }
            ],
            "on_schema_object": [],
            "privileges": [
              "CREATE TABLE",
              "CREATE VIEW",
              "USAGE"
            ],
            "with_grant_option": false
          },
          "sensitive_attributes": [],
          "private": "bnVsbA==",
          "dependencies": [
            "snowflake_database.airline_dw",
            "snowflake_role.dbt_prod_role",
            "snowflake_schema.telemetry"
          ]
        }
      ]
    },
    {
      "mode": "managed",
      "type": "snowflake_grant_privileges_to_account_role",
      "name": "dbt_table_grants",
      "provider": "provider[\"registry.terraform.io/snowflake-labs/snowflake\"]",
      "instances": [
        {
          "schema_version": 0,
          "attributes": {
            "account_role_name": "DBT_PROD_ROLE",
            "all_privileges": false,
            "always_apply": false,
            "always_apply_trigger": null,
            "id": "\"DBT_PROD_ROLE\"|false|false|INSERT,DELETE,TRUNCATE,SELECT,UPDATE|OnSchemaObject|OnAll|TABLES|InSchema|\"AIRLINE_DW\".\"TELEMETRY\"",
            "on_account": false,
            "on_account_object": [],
            "on_schema": [],
            "on_schema_object": [
              {
                "all": [
                  {
                    "in_database": "",
                    "in_schema": "\"AIRLINE_DW\".\"TELEMETRY\"",
                    "object_type_plural": "TABLES"
                  }
                ],
                "future": [],
                "object_name": "",
                "object_type": ""
              }
            ],
            "privileges": [
              "DELETE",
              "INSERT",
              "SELECT",
              "TRUNCATE",
              "UPDATE"
            ],
            "with_grant_option": false
          },
          "sensitive_attributes": [],
          "private": "bnVsbA==",
          "dependencies": [
            "snowflake_database.airline_dw",
            "snowflake_role.dbt_prod_role",
            "snowflake_schema.telemetry"
          ]
        }
      ]
    },
    {
      "mode": "managed",
      "type": "snowflake_grant_privileges_to_account_role",
      "name": "dbt_wh_usage",
      "provider": "provider[\"registry.terraform.io/snowflake-labs/snowflake\"]",
      "instances": [
        {
          "schema_version": 0,
          "attributes": {
            "account_role_name": "DBT_PROD_ROLE",
            "all_privileges": false,
            "always_apply": false,
            "always_apply_trigger": null,
            "id": "\"DBT_PROD_ROLE\"|false|false|OPERATE,USAGE|OnAccountObject|WAREHOUSE|\"COMPUTE_WH\"",
            "on_account": false,
            "on_account_object": [
              {
                "object_name": "COMPUTE_WH",
                "object_type": "WAREHOUSE"
              }
            ],
            "on_schema": [],
            "on_schema_object": [],
            "privileges": [
              "OPERATE",
              "USAGE"
            ],
            "with_grant_option": false
          },
          "sensitive_attributes": [],
          "private": "bnVsbA==",
          "dependencies": [
            "snowflake_role.dbt_prod_role"
          ]
        }
      ]
    },
    {
      "mode": "managed",
      "type": "snowflake_role",
      "name": "dbt_prod_role",
      "provider": "provider[\"registry.terraform.io/snowflake-labs/snowflake\"]",
      "instances": [
        {
          "schema_version": 0,
          "attributes": {
            "comment": "Role used by GitHub Actions to run dbt models in production",
            "id": "DBT_PROD_ROLE",
            "name": "DBT_PROD_ROLE",
            "tag": []
          },
          "sensitive_attributes": [],
          "private": "bnVsbA=="
        }
      ]
    },
    {
      "mode": "managed",
      "type": "snowflake_schema",
      "name": "telemetry",
      "provider": "provider[\"registry.terraform.io/snowflake-labs/snowflake\"]",
      "instances": [
        {
          "schema_version": 0,
          "attributes": {
            "comment": "",
            "data_retention_days": 1,
            "database": "AIRLINE_DW",
            "id": "AIRLINE_DW|TELEMETRY",
            "is_managed": false,
            "is_transient": false,
            "name": "TELEMETRY",
            "tag": []
          },
          "sensitive_attributes": [],
          "private": "eyJzY2hlbWFfdmVyc2lvbiI6IjAifQ==",
          "dependencies": [
            "snowflake_database.airline_dw"
          ]
        }
      ]
    },
    {
      "mode": "managed",
      "type": "snowflake_stage",
      "name": "s3_bronze_stage",
      "provider": "provider[\"registry.terraform.io/snowflake-labs/snowflake\"]",
      "instances": [
        {
          "schema_version": 0,
          "attributes": {
            "aws_external_id": "NV05450_SFCRole=5_bJCDtlWVjjULALSZWrdFOhgyUPE=",
            "comment": "",
            "copy_options": "",
            "credentials": null,
            "database": "AIRLINE_DW",
            "directory": "",
            "encryption": null,
            "file_format": "FORMAT_NAME = AIRLINE_DW.TELEMETRY.PARQUET_FORMAT",
            "id": "AIRLINE_DW|TELEMETRY|S3_BRONZE_STAGE",
            "name": "S3_BRONZE_STAGE",
            "schema": "TELEMETRY",
            "snowflake_iam_user": "arn:aws:iam::442421142996:user/99hq1000-s",
            "storage_integration": "S3_AIRLINE_INTEGRATION",
            "tag": [],
            "url": "s3://airline-telemetry-bronze-941243735155-us-east-1-an/valid_data/"
          },
          "sensitive_attributes": [],
          "private": "bnVsbA==",
          "dependencies": [
            "snowflake_database.airline_dw",
            "snowflake_file_format.parquet_format",
            "snowflake_schema.telemetry",
            "snowflake_storage_integration.s3_airline_integration"
          ]
        }
      ]
    },
    {
      "mode": "managed",
      "type": "snowflake_storage_integration",
      "name": "s3_airline_integration",
      "provider": "provider[\"registry.terraform.io/snowflake-labs/snowflake\"]",
      "instances": [
        {
          "schema_version": 0,
          "attributes": {
            "azure_consent_url": null,
            "azure_multi_tenant_app_name": null,
            "azure_tenant_id": null,
            "comment": "",
            "created_on": "2026-05-19 12:32:59.546 +0530 IST",
            "enabled": true,
            "id": "S3_AIRLINE_INTEGRATION",
            "name": "S3_AIRLINE_INTEGRATION",
            "storage_allowed_locations": [
              "s3://airline-telemetry-bronze-941243735155-us-east-1-an/valid_data/"
            ],
            "storage_aws_external_id": "NV05450_SFCRole=5_bJCDtlWVjjULALSZWrdFOhgyUPE=",
            "storage_aws_iam_user_arn": "arn:aws:iam::442421142996:user/99hq1000-s",
            "storage_aws_object_acl": null,
            "storage_aws_role_arn": "arn:aws:iam::941243735155:role/snowflake-s3-access-role",
            "storage_blocked_locations": null,
            "storage_gcp_service_account": null,
            "storage_provider": "S3",
            "type": "EXTERNAL_STAGE"
          },
          "sensitive_attributes": [],
          "private": "eyJzY2hlbWFfdmVyc2lvbiI6IjAifQ=="
        }
      ]
    },
    {
      "mode": "managed",
      "type": "snowflake_user",
      "name": "svc_github_actions",
      "provider": "provider[\"registry.terraform.io/snowflake-labs/snowflake\"]",
      "instances": [
        {
          "schema_version": 0,
          "attributes": {
            "comment": "Service account for GitHub Actions CI/CD",
            "default_namespace": "",
            "default_role": "DBT_PROD_ROLE",
            "default_secondary_roles": [],
            "default_warehouse": "COMPUTE_WH",
            "disabled": false,
            "display_name": "SVC_GITHUB_ACTIONS",
            "email": "",
            "first_name": "",
            "has_rsa_public_key": false,
            "id": "SVC_GITHUB_ACTIONS",
            "last_name": "",
            "login_name": "SVC_GITHUB_ACTIONS",
            "must_change_password": null,
            "name": "SVC_GITHUB_ACTIONS",
            "password": "Mu^fEuQ#s!*wlXVvdClpbTLR",
            "rsa_public_key": null,
            "rsa_public_key_2": null
          },
          "sensitive_attributes": [
            [
              {
                "type": "get_attr",
                "value": "password"
              }
            ]
          ],
          "private": "bnVsbA==",
          "dependencies": [
            "random_password.svc_password",
            "snowflake_role.dbt_prod_role"
          ]
        }
      ]
    }
  ],
  "check_results": null
}
